# THIS IS AN AUTOGENERATED FILE. DO NOT EDIT THIS FILE DIRECTLY.
# yarn lockfile v1


"@types/k6@^2.0.0":
  version "2.2.1"
  resolved "https://registry.yarnpkg.com/@types/k6/-/k6-2.2.1.tgz#0c394eb3e15bccfb94866fbf28f8a45a955a0e24"
  integrity sha512-WgLxx6KgNSZq3KV3HnYYVvo5ZZSxyRz3q9B0byBAY8z6HuYWxcdOr69fRQuvadmUD2NkVVcbDMye8mF+2Wxx/A==
